
Microsoft Visual Studio Solution File, Format Version 12.00
# Visual Studio Version 17
VisualStudioVersion = 17.1.32319.34
MinimumVisualStudioVersion = 10.0.40219.1
Project("{9A19103F-16F7-4668-BE54-9A1E7A4F7556}") = "Practica intermedia", "Practica intermedia\Practica intermedia.csproj", "{2375A860-1DCE-417D-86B8-AB75144F38A7}"
EndProject
Project("{9A19103F-16F7-4668-BE54-9A1E7A4F7556}") = "Creacion de excepciones y nulleables", "Creacion de excepciones y nulleables\Creacion de excepciones y nulleables.csproj", "{A975E006-1ED9-4789-AFCC-056A1C6D17D7}"
EndProject
Project("{9A19103F-16F7-4668-BE54-9A1E7A4F7556}") = "Tipos anonimos y dinamicos", "Tipos anonimos y dinamicos\Tipos anonimos y dinamicos.csproj", "{8C6C8E7F-0BD2-4506-B4B4-8DFDAE5A9475}"
EndProject
Project("{9A19103F-16F7-4668-BE54-9A1E7A4F7556}") = "Generics e Indexers", "Generics e Indexers\Generics e Indexers.csproj", "{DF21D75F-C449-408E-B4C5-2F64E6D7D69B}"
EndProject
Project("{FAE04EC0-301F-11D3-BF4B-00C04F79EFBC}") = "RegexProgram", "RegexProgram\RegexProgram.csproj", "{1F3ADF49-D036-4954-B04E-54710D3E29CC}"
EndProject
Global
	GlobalSection(SolutionConfigurationPlatforms) = preSolution
		Debug|Any CPU = Debug|Any CPU
		Release|Any CPU = Release|Any CPU
	EndGlobalSection
	GlobalSection(ProjectConfigurationPlatforms) = postSolution
		{2375A860-1DCE-417D-86B8-AB75144F38A7}.Debug|Any CPU.ActiveCfg = Debug|Any CPU
		{2375A860-1DCE-417D-86B8-AB75144F38A7}.Debug|Any CPU.Build.0 = Debug|Any CPU
		{2375A860-1DCE-417D-86B8-AB75144F38A7}.Release|Any CPU.ActiveCfg = Release|Any CPU
		{2375A860-1DCE-417D-86B8-AB75144F38A7}.Release|Any CPU.Build.0 = Release|Any CPU
		{A975E006-1ED9-4789-AFCC-056A1C6D17D7}.Debug|Any CPU.ActiveCfg = Debug|Any CPU
		{A975E006-1ED9-4789-AFCC-056A1C6D17D7}.Debug|Any CPU.Build.0 = Debug|Any CPU
		{A975E006-1ED9-4789-AFCC-056A1C6D17D7}.Release|Any CPU.ActiveCfg = Release|Any CPU
		{A975E006-1ED9-4789-AFCC-056A1C6D17D7}.Release|Any CPU.Build.0 = Release|Any CPU
		{8C6C8E7F-0BD2-4506-B4B4-8DFDAE5A9475}.Debug|Any CPU.ActiveCfg = Debug|Any CPU
		{8C6C8E7F-0BD2-4506-B4B4-8DFDAE5A9475}.Debug|Any CPU.Build.0 = Debug|Any CPU
		{8C6C8E7F-0BD2-4506-B4B4-8DFDAE5A9475}.Release|Any CPU.ActiveCfg = Release|Any CPU
		{8C6C8E7F-0BD2-4506-B4B4-8DFDAE5A9475}.Release|Any CPU.Build.0 = Release|Any CPU
		{DF21D75F-C449-408E-B4C5-2F64E6D7D69B}.Debug|Any CPU.ActiveCfg = Debug|Any CPU
		{DF21D75F-C449-408E-B4C5-2F64E6D7D69B}.Debug|Any CPU.Build.0 = Debug|Any CPU
		{DF21D75F-C449-408E-B4C5-2F64E6D7D69B}.Release|Any CPU.ActiveCfg = Release|Any CPU
		{DF21D75F-C449-408E-B4C5-2F64E6D7D69B}.Release|Any CPU.Build.0 = Release|Any CPU
		{1F3ADF49-D036-4954-B04E-54710D3E29CC}.Debug|Any CPU.ActiveCfg = Debug|Any CPU
		{1F3ADF49-D036-4954-B04E-54710D3E29CC}.Debug|Any CPU.Build.0 = Debug|Any CPU
		{1F3ADF49-D036-4954-B04E-54710D3E29CC}.Release|Any CPU.ActiveCfg = Release|Any CPU
		{1F3ADF49-D036-4954-B04E-54710D3E29CC}.Release|Any CPU.Build.0 = Release|Any CPU
	EndGlobalSection
	GlobalSection(SolutionProperties) = preSolution
		HideSolutionNode = FALSE
	EndGlobalSection
	GlobalSection(ExtensibilityGlobals) = postSolution
		SolutionGuid = {D05F52B3-390C-4414-A191-6089F088F7E4}
	EndGlobalSection
EndGlobal
